// !$*UTF8*$!
{
	archiveVersion = 1;
	classes = {
	};
	objectVersion = 50;
	objects = {

/* Begin PBXBuildFile section */
		527A88A098566961193FE15C /* Pods_Listem.framework in Frameworks */ = {isa = PBXBuildFile; fileRef = ED2B164595C9D4163EE39C60 /* Pods_Listem.framework */; };
		D14921B520D8749F00F89214 /* AppDelegate.swift in Sources */ = {isa = PBXBuildFile; fileRef = D14921B420D8749F00F89214 /* AppDelegate.swift */; };
		D14921B720D8749F00F89214 /* ToDoListViewController.swift in Sources */ = {isa = PBXBuildFile; fileRef = D14921B620D8749F00F89214 /* ToDoListViewController.swift */; };
		D14921BA20D874A000F89214 /* Main.storyboard in Resources */ = {isa = PBXBuildFile; fileRef = D14921B820D874A000F89214 /* Main.storyboard */; };
		D14921BC20D874A100F89214 /* Assets.xcassets in Resources */ = {isa = PBXBuildFile; fileRef = D14921BB20D874A100F89214 /* Assets.xcassets */; };
		D14921BF20D874A100F89214 /* LaunchScreen.storyboard in Resources */ = {isa = PBXBuildFile; fileRef = D14921BD20D874A100F89214 /* LaunchScreen.storyboard */; };
		D18042BC20DAC5790006F0B9 /* CategoryViewController.swift in Sources */ = {isa = PBXBuildFile; fileRef = D18042BB20DAC5790006F0B9 /* CategoryViewController.swift */; };
		D18042C020DB09D10006F0B9 /* Item.swift in Sources */ = {isa = PBXBuildFile; fileRef = D18042BF20DB09D10006F0B9 /* Item.swift */; };
		D18042C220DB09E20006F0B9 /* Category.swift in Sources */ = {isa = PBXBuildFile; fileRef = D18042C120DB09E20006F0B9 /* Category.swift */; };
		D1EB335B20DB7580008378C4 /* SwipeTableViewController.swift in Sources */ = {isa = PBXBuildFile; fileRef = D1EB335A20DB7580008378C4 /* SwipeTableViewController.swift */; };
/* End PBXBuildFile section */

/* Begin PBXFileReference section */
		1CFC5B79A6269EF769CDEBCE /* Pods-Listem.debug.xcconfig */ = {isa = PBXFileReference; includeInIndex = 1; lastKnownFileType = text.xcconfig; name = "Pods-Listem.debug.xcconfig"; path = "Pods/Target Support Files/Pods-Listem/Pods-Listem.debug.xcconfig"; sourceTree = "<group>"; };
		D14921B120D8749F00F89214 /* Listem.app */ = {isa = PBXFileReference; explicitFileType = wrapper.application; includeInIndex = 0; path = Listem.app; sourceTree = BUILT_PRODUCTS_DIR; };
		D14921B420D8749F00F89214 /* AppDelegate.swift */ = {isa = PBXFileReference; lastKnownFileType = sourcecode.swift; path = AppDelegate.swift; sourceTree = "<group>"; };
		D14921B620D8749F00F89214 /* ToDoListViewController.swift */ = {isa = PBXFileReference; lastKnownFileType = sourcecode.swift; path = ToDoListViewController.swift; sourceTree = "<group>"; };
		D14921B920D874A000F89214 /* Base */ = {isa = PBXFileReference; lastKnownFileType = file.storyboard; name = Base; path = Base.lproj/Main.storyboard; sourceTree = "<group>"; };
		D14921BB20D874A100F89214 /* Assets.xcassets */ = {isa = PBXFileReference; lastKnownFileType = folder.assetcatalog; path = Assets.xcassets; sourceTree = "<group>"; };
		D14921BE20D874A100F89214 /* Base */ = {isa = PBXFileReference; lastKnownFileType = file.storyboard; name = Base; path = Base.lproj/LaunchScreen.storyboard; sourceTree = "<group>"; };
		D14921C020D874A100F89214 /* Info.plist */ = {isa = PBXFileReference; lastKnownFileType = text.plist.xml; path = Info.plist; sourceTree = "<group>"; };
		D18042BB20DAC5790006F0B9 /* CategoryViewController.swift */ = {isa = PBXFileReference; lastKnownFileType = sourcecode.swift; path = CategoryViewController.swift; sourceTree = "<group>"; };
		D18042BF20DB09D10006F0B9 /* Item.swift */ = {isa = PBXFileReference; lastKnownFileType = sourcecode.swift; path = Item.swift; sourceTree = "<group>"; };
		D18042C120DB09E20006F0B9 /* Category.swift */ = {isa = PBXFileReference; lastKnownFileType = sourcecode.swift; path = Category.swift; sourceTree = "<group>"; };
		D1EB335A20DB7580008378C4 /* SwipeTableViewController.swift */ = {isa = PBXFileReference; lastKnownFileType = sourcecode.swift; path = SwipeTableViewController.swift; sourceTree = "<group>"; };
		ED2B164595C9D4163EE39C60 /* Pods_Listem.framework */ = {isa = PBXFileReference; explicitFileType = wrapper.framework; includeInIndex = 0; path = Pods_Listem.framework; sourceTree = BUILT_PRODUCTS_DIR; };
		EFF2AA5FC00821ECCED7DEEF /* Pods-Listem.release.xcconfig */ = {isa = PBXFileReference; includeInIndex = 1; lastKnownFileType = text.xcconfig; name = "Pods-Listem.release.xcconfig"; path = "Pods/Target Support Files/Pods-Listem/Pods-Listem.release.xcconfig"; sourceTree = "<group>"; };
/* End PBXFileReference section */

/* Begin PBXFrameworksBuildPhase section */
		D14921AE20D8749F00F89214 /* Frameworks */ = {
			isa = PBXFrameworksBuildPhase;
			buildActionMask = 2147483647;
			files = (
				527A88A098566961193FE15C /* Pods_Listem.framework in Frameworks */,
			);
			runOnlyForDeploymentPostprocessing = 0;
		};
/* End PBXFrameworksBuildPhase section */

/* Begin PBXGroup section */
		0C03D537E2EC9CE950765D6F /* Pods */ = {
			isa = PBXGroup;
			children = (
				1CFC5B79A6269EF769CDEBCE /* Pods-Listem.debug.xcconfig */,
				EFF2AA5FC00821ECCED7DEEF /* Pods-Listem.release.xcconfig */,
			);
			name = Pods;
			sourceTree = "<group>";
		};
		D14921A820D8749F00F89214 = {
			isa = PBXGroup;
			children = (
				D14921B320D8749F00F89214 /* Listem */,
				D14921B220D8749F00F89214 /* Products */,
				0C03D537E2EC9CE950765D6F /* Pods */,
				ECB46A90EAC736DA0ADE5293 /* Frameworks */,
			);
			sourceTree = "<group>";
		};
		D14921B220D8749F00F89214 /* Products */ = {
			isa = PBXGroup;
			children = (
				D14921B120D8749F00F89214 /* Listem.app */,
			);
			name = Products;
			sourceTree = "<group>";
		};
		D14921B320D8749F00F89214 /* Listem */ = {
			isa = PBXGroup;
			children = (
				D14921B420D8749F00F89214 /* AppDelegate.swift */,
				D14921C920D9BAB600F89214 /* Controllers */,
				D14921C820D9BAA400F89214 /* Data Model */,
				D14921CA20D9BACA00F89214 /* Views */,
				D14921CB20D9BAD400F89214 /* Supporting Files */,
				D14921C020D874A100F89214 /* Info.plist */,
			);
			path = Listem;
			sourceTree = "<group>";
		};
		D14921C820D9BAA400F89214 /* Data Model */ = {
			isa = PBXGroup;
			children = (
				D18042C120DB09E20006F0B9 /* Category.swift */,
				D18042BF20DB09D10006F0B9 /* Item.swift */,
			);
			path = "Data Model";
			sourceTree = "<group>";
		};
		D14921C920D9BAB600F89214 /* Controllers */ = {
			isa = PBXGroup;
			children = (
				D18042BB20DAC5790006F0B9 /* CategoryViewController.swift */,
				D14921B620D8749F00F89214 /* ToDoListViewController.swift */,
				D1EB335A20DB7580008378C4 /* SwipeTableViewController.swift */,
			);
			path = Controllers;
			sourceTree = "<group>";
		};
		D14921CA20D9BACA00F89214 /* Views */ = {
			isa = PBXGroup;
			children = (
				D14921B820D874A000F89214 /* Main.storyboard */,
			);
			path = Views;
			sourceTree = "<group>";
		};
		D14921CB20D9BAD400F89214 /* Supporting Files */ = {
			isa = PBXGroup;
			children = (
				D14921BB20D874A100F89214 /* Assets.xcassets */,
				D14921BD20D874A100F89214 /* LaunchScreen.storyboard */,
			);
			path = "Supporting Files";
			sourceTree = "<group>";
		};
		ECB46A90EAC736DA0ADE5293 /* Frameworks */ = {
			isa = PBXGroup;
			children = (
				ED2B164595C9D4163EE39C60 /* Pods_Listem.framework */,
			);
			name = Frameworks;
			sourceTree = "<group>";
		};
/* End PBXGroup section */

/* Begin PBXNativeTarget section */
		D14921B020D8749F00F89214 /* Listem */ = {
			isa = PBXNativeTarget;
			buildConfigurationList = D14921C320D874A100F89214 /* Build configuration list for PBXNativeTarget "Listem" */;
			buildPhases = (
				149C5CFC6E7199E19F7CCF96 /* [CP] Check Pods Manifest.lock */,
				D14921AD20D8749F00F89214 /* Sources */,
				D14921AE20D8749F00F89214 /* Frameworks */,
				D14921AF20D8749F00F89214 /* Resources */,
				8EB7CC6372841C9FC2C13B32 /* [CP] Embed Pods Frameworks */,
			);
			buildRules = (
			);
			dependencies = (
			);
			name = Listem;
			productName = Listem;
			productReference = D14921B120D8749F00F89214 /* Listem.app */;
			productType = "com.apple.product-type.application";
		};
/* End PBXNativeTarget section */

/* Begin PBXProject section */
		D14921A920D8749F00F89214 /* Project object */ = {
			isa = PBXProject;
			attributes = {
				LastSwiftUpdateCheck = 0940;
				LastUpgradeCheck = 0940;
				ORGANIZATIONNAME = "Jason Li";
				TargetAttributes = {
					D14921B020D8749F00F89214 = {
						CreatedOnToolsVersion = 9.4;
					};
				};
			};
			buildConfigurationList = D14921AC20D8749F00F89214 /* Build configuration list for PBXProject "Listem" */;
			compatibilityVersion = "Xcode 9.3";
			developmentRegion = en;
			hasScannedForEncodings = 0;
			knownRegions = (
				en,
				Base,
			);
			mainGroup = D14921A820D8749F00F89214;
			productRefGroup = D14921B220D8749F00F89214 /* Products */;
			projectDirPath = "";
			projectRoot = "";
			targets = (
				D14921B020D8749F00F89214 /* Listem */,
			);
		};
/* End PBXProject section */

/* Begin PBXResourcesBuildPhase section */
		D14921AF20D8749F00F89214 /* Resources */ = {
			isa = PBXResourcesBuildPhase;
			buildActionMask = 2147483647;
			files = (
				D14921BF20D874A100F89214 /* LaunchScreen.storyboard in Resources */,
				D14921BC20D874A100F89214 /* Assets.xcassets in Resources */,
				D14921BA20D874A000F89214 /* Main.storyboard in Resources */,
			);
			runOnlyForDeploymentPostprocessing = 0;
		};
/* End PBXResourcesBuildPhase section */

/* Begin PBXShellScriptBuildPhase section */
		149C5CFC6E7199E19F7CCF96 /* [CP] Check Pods Manifest.lock */ = {
			isa = PBXShellScriptBuildPhase;
			buildActionMask = 2147483647;
			files = (
			);
			inputPaths = (
				"${PODS_PODFILE_DIR_PATH}/Podfile.lock",
				"${PODS_ROOT}/Manifest.lock",
			);
			name = "[CP] Check Pods Manifest.lock";
			outputPaths = (
				"$(DERIVED_FILE_DIR)/Pods-Listem-checkManifestLockResult.txt",
			);
			runOnlyForDeploymentPostprocessing = 0;
			shellPath = /bin/sh;
			shellScript = "diff \"${PODS_PODFILE_DIR_PATH}/Podfile.lock\" \"${PODS_ROOT}/Manifest.lock\" > /dev/null\nif [ $? != 0 ] ; then\n    # print error to STDERR\n    echo \"error: The sandbox is not in sync with the Podfile.lock. Run 'pod install' or update your CocoaPods installation.\" >&2\n    exit 1\nfi\n# This output is used by Xcode 'outputs' to avoid re-running this script phase.\necho \"SUCCESS\" > \"${SCRIPT_OUTPUT_FILE_0}\"\n";
			showEnvVarsInLog = 0;
		};
		8EB7CC6372841C9FC2C13B32 /* [CP] Embed Pods Frameworks */ = {
			isa = PBXShellScriptBuildPhase;
			buildActionMask = 2147483647;
			files = (
			);
			inputPaths = (
				"${SRCROOT}/Pods/Target Support Files/Pods-Listem/Pods-Listem-frameworks.sh",
				"${BUILT_PRODUCTS_DIR}/ChameleonFramework/ChameleonFramework.framework",
				"${BUILT_PRODUCTS_DIR}/Realm/Realm.framework",
				"${BUILT_PRODUCTS_DIR}/RealmSwift/RealmSwift.framework",
				"${BUILT_PRODUCTS_DIR}/SwipeCellKit/SwipeCellKit.framework",
			);
			name = "[CP] Embed Pods Frameworks";
			outputPaths = (
				"${TARGET_BUILD_DIR}/${FRAMEWORKS_FOLDER_PATH}/ChameleonFramework.framework",
				"${TARGET_BUILD_DIR}/${FRAMEWORKS_FOLDER_PATH}/Realm.framework",
				"${TARGET_BUILD_DIR}/${FRAMEWORKS_FOLDER_PATH}/RealmSwift.framework",
				"${TARGET_BUILD_DIR}/${FRAMEWORKS_FOLDER_PATH}/SwipeCellKit.framework",
			);
			runOnlyForDeploymentPostprocessing = 0;
			shellPath = /bin/sh;
			shellScript = "\"${SRCROOT}/Pods/Target Support Files/Pods-Listem/Pods-Listem-frameworks.sh\"\n";
			showEnvVarsInLog = 0;
		};
/* End PBXShellScriptBuildPhase section */

/* Begin PBXSourcesBuildPhase section */
		D14921AD20D8749F00F89214 /* Sources */ = {
			isa = PBXSourcesBuildPhase;
			buildActionMask = 2147483647;
			files = (
				D18042C020DB09D10006F0B9 /* Item.swift in Sources */,
				D18042BC20DAC5790006F0B9 /* CategoryViewController.swift in Sources */,
				D14921B720D8749F00F89214 /* ToDoListViewController.swift in Sources */,
				D14921B520D8749F00F89214 /* AppDelegate.swift in Sources */,
				D1EB335B20DB7580008378C4 /* SwipeTableViewController.swift in Sources */,
				D18042C220DB09E20006F0B9 /* Category.swift in Sources */,
			);
			runOnlyForDeploymentPostprocessing = 0;
		};
/* End PBXSourcesBuildPhase section */

/* Begin PBXVariantGroup section */
		D14921B820D874A000F89214 /* Main.storyboard */ = {
			isa = PBXVariantGroup;
			children = (
				D14921B920D874A000F89214 /* Base */,
			);
			name = Main.storyboard;
			sourceTree = "<group>";
		};
		D14921BD20D874A100F89214 /* LaunchScreen.storyboard */ = {
			isa = PBXVariantGroup;
			children = (
				D14921BE20D874A100F89214 /* Base */,
			);
			name = LaunchScreen.storyboard;
			sourceTree = "<group>";
		};
/* End PBXVariantGroup section */

/* Begin XCBuildConfiguration section */
		D14921C120D874A100F89214 /* Debug */ = {
			isa = XCBuildConfiguration;
			buildSettings = {
				ALWAYS_SEARCH_USER_PATHS = NO;
				CLANG_ANALYZER_NONNULL = YES;
				CLANG_ANALYZER_NUMBER_OBJECT_CONVERSION = YES_AGGRESSIVE;
				CLANG_CXX_LANGUAGE_STANDARD = "gnu++14";
				CLANG_CXX_LIBRARY = "libc++";
				CLANG_ENABLE_MODULES = YES;
				CLANG_ENABLE_OBJC_ARC = YES;
				CLANG_ENABLE_OBJC_WEAK = YES;
				CLANG_WARN_BLOCK_CAPTURE_AUTORELEASING = YES;
				CLANG_WARN_BOOL_CONVERSION = YES;
				CLANG_WARN_COMMA = YES;
				CLANG_WARN_CONSTANT_CONVERSION = YES;
				CLANG_WARN_DEPRECATED_OBJC_IMPLEMENTATIONS = YES;
				CLANG_WARN_DIRECT_OBJC_ISA_USAGE = YES_ERROR;
				CLANG_WARN_DOCUMENTATION_COMMENTS = YES;
				CLANG_WARN_EMPTY_BODY = YES;
				CLANG_WARN_ENUM_CONVERSION = YES;
				CLANG_WARN_INFINITE_RECURSION = YES;
				CLANG_WARN_INT_CONVERSION = YES;
				CLANG_WARN_NON_LITERAL_NULL_CONVERSION = YES;
				CLANG_WARN_OBJC_IMPLICIT_RETAIN_SELF = YES;
				CLANG_WARN_OBJC_LITERAL_CONVERSION = YES;
				CLANG_WARN_OBJC_ROOT_CLASS = YES_ERROR;
				CLANG_WARN_RANGE_LOOP_ANALYSIS = YES;
				CLANG_WARN_STRICT_PROTOTYPES = YES;
				CLANG_WARN_SUSPICIOUS_MOVE = YES;
				CLANG_WARN_UNGUARDED_AVAILABILITY = YES_AGGRESSIVE;
				CLANG_WARN_UNREACHABLE_CODE = YES;
				CLANG_WARN__DUPLICATE_METHOD_MATCH = YES;
				CODE_SIGN_IDENTITY = "iPhone Developer";
				COPY_PHASE_STRIP = NO;
				DEBUG_INFORMATION_FORMAT = dwarf;
				ENABLE_STRICT_OBJC_MSGSEND = YES;
				ENABLE_TESTABILITY = YES;
				GCC_C_LANGUAGE_STANDARD = gnu11;
				GCC_DYNAMIC_NO_PIC = NO;
				GCC_NO_COMMON_BLOCKS = YES;
				GCC_OPTIMIZATION_LEVEL = 0;
				GCC_PREPROCESSOR_DEFINITIONS = (
					"DEBUG=1",
					"$(inherited)",
				);
				GCC_WARN_64_TO_32_BIT_CONVERSION = YES;
				GCC_WARN_ABOUT_RETURN_TYPE = YES_ERROR;
				GCC_WARN_UNDECLARED_SELECTOR = YES;
				GCC_WARN_UNINITIALIZED_AUTOS = YES_AGGRESSIVE;
				GCC_WARN_UNUSED_FUNCTION = YES;
				GCC_WARN_UNUSED_VARIABLE = YES;
				IPHONEOS_DEPLOYMENT_TARGET = 11.4;
				MTL_ENABLE_DEBUG_INFO = YES;
				ONLY_ACTIVE_ARCH = YES;
				SDKROOT = iphoneos;
				SWIFT_ACTIVE_COMPILATION_CONDITIONS = DEBUG;
				SWIFT_OPTIMIZATION_LEVEL = "-Onone";
			};
			name = Debug;
		};
		D14921C220D874A100F89214 /* Release */ = {
			isa = XCBuildConfiguration;
			buildSettings = {
				ALWAYS_SEARCH_USER_PATHS = NO;
				CLANG_ANALYZER_NONNULL = YES;
				CLANG_ANALYZER_NUMBER_OBJECT_CONVERSION = YES_AGGRESSIVE;
				CLANG_CXX_LANGUAGE_STANDARD = "gnu++14";
				CLANG_CXX_LIBRARY = "libc++";
				CLANG_ENABLE_MODULES = YES;
				CLANG_ENABLE_OBJC_ARC = YES;
				CLANG_ENABLE_OBJC_WEAK = YES;
				CLANG_WARN_BLOCK_CAPTURE_AUTORELEASING = YES;
				CLANG_WARN_BOOL_CONVERSION = YES;
				CLANG_WARN_COMMA = YES;
				CLANG_WARN_CONSTANT_CONVERSION = YES;
				CLANG_WARN_DEPRECATED_OBJC_IMPLEMENTATIONS = YES;
				CLANG_WARN_DIRECT_OBJC_ISA_USAGE = YES_ERROR;
				CLANG_WARN_DOCUMENTATION_COMMENTS = YES;
				CLANG_WARN_EMPTY_BODY = YES;
				CLANG_WARN_ENUM_CONVERSION = YES;
				CLANG_WARN_INFINITE_RECURSION = YES;
				CLANG_WARN_INT_CONVERSION = YES;
				CLANG_WARN_NON_LITERAL_NULL_CONVERSION = YES;
				CLANG_WARN_OBJC_IMPLICIT_RETAIN_SELF = YES;
				CLANG_WARN_OBJC_LITERAL_CONVERSION = YES;
				CLANG_WARN_OBJC_ROOT_CLASS = YES_ERROR;
				CLANG_WARN_RANGE_LOOP_ANALYSIS = YES;
				CLANG_WARN_STRICT_PROTOTYPES = YES;
				CLANG_WARN_SUSPICIOUS_MOVE = YES;
				CLANG_WARN_UNGUARDED_AVAILABILITY = YES_AGGRESSIVE;
				CLANG_WARN_UNREACHABLE_CODE = YES;
				CLANG_WARN__DUPLICATE_METHOD_MATCH = YES;
				CODE_SIGN_IDENTITY = "iPhone Developer";
				COPY_PHASE_STRIP = NO;
				DEBUG_INFORMATION_FORMAT = "dwarf-with-dsym";
				ENABLE_NS_ASSERTIONS = NO;
				ENABLE_STRICT_OBJC_MSGSEND = YES;
				GCC_C_LANGUAGE_STANDARD = gnu11;
				GCC_NO_COMMON_BLOCKS = YES;
				GCC_WARN_64_TO_32_BIT_CONVERSION = YES;
				GCC_WARN_ABOUT_RETURN_TYPE = YES_ERROR;
				GCC_WARN_UNDECLARED_SELECTOR = YES;
				GCC_WARN_UNINITIALIZED_AUTOS = YES_AGGRESSIVE;
				GCC_WARN_UNUSED_FUNCTION = YES;
				GCC_WARN_UNUSED_VARIABLE = YES;
				IPHONEOS_DEPLOYMENT_TARGET = 11.4;
				MTL_ENABLE_DEBUG_INFO = NO;
				SDKROOT = iphoneos;
				SWIFT_COMPILATION_MODE = wholemodule;
				SWIFT_OPTIMIZATION_LEVEL = "-O";
				VALIDATE_PRODUCT = YES;
			};
			name = Release;
		};
		D14921C420D874A100F89214 /* Debug */ = {
			isa = XCBuildConfiguration;
			baseConfigurationReference = 1CFC5B79A6269EF769CDEBCE /* Pods-Listem.debug.xcconfig */;
			buildSettings = {
				ASSETCATALOG_COMPILER_APPICON_NAME = AppIcon;
				CODE_SIGN_STYLE = Automatic;
				DEVELOPMENT_TEAM = 84S4NYY4L7;
				INFOPLIST_FILE = Listem/Info.plist;
				LD_RUNPATH_SEARCH_PATHS = (
					"$(inherited)",
					"@executable_path/Frameworks",
				);
				PRODUCT_BUNDLE_IDENTIFIER = com.jasondevelop.Listem;
				PRODUCT_NAME = "$(TARGET_NAME)";
				SWIFT_VERSION = 4.0;
				TARGETED_DEVICE_FAMILY = "1,2";
			};
			name = Debug;
		};
		D14921C520D874A100F89214 /* Release */ = {
			isa = XCBuildConfiguration;
			baseConfigurationReference = EFF2AA5FC00821ECCED7DEEF /* Pods-Listem.release.xcconfig */;
			buildSettings = {
				ASSETCATALOG_COMPILER_APPICON_NAME = AppIcon;
				CODE_SIGN_STYLE = Automatic;
				DEVELOPMENT_TEAM = 84S4NYY4L7;
				INFOPLIST_FILE = Listem/Info.plist;
				LD_RUNPATH_SEARCH_PATHS = (
					"$(inherited)",
					"@executable_path/Frameworks",
				);
				PRODUCT_BUNDLE_IDENTIFIER = com.jasondevelop.Listem;
				PRODUCT_NAME = "$(TARGET_NAME)";
				SWIFT_VERSION = 4.0;
				TARGETED_DEVICE_FAMILY = "1,2";
			};
			name = Release;
		};
/* End XCBuildConfiguration section */

/* Begin XCConfigurationList section */
		D14921AC20D8749F00F89214 /* Build configuration list for PBXProject "Listem" */ = {
			isa = XCConfigurationList;
			buildConfigurations = (
				D14921C120D874A100F89214 /* Debug */,
				D14921C220D874A100F89214 /* Release */,
			);
			defaultConfigurationIsVisible = 0;
			defaultConfigurationName = Release;
		};
		D14921C320D874A100F89214 /* Build configuration list for PBXNativeTarget "Listem" */ = {
			isa = XCConfigurationList;
			buildConfigurations = (
				D14921C420D874A100F89214 /* Debug */,
				D14921C520D874A100F89214 /* Release */,
			);
			defaultConfigurationIsVisible = 0;
			defaultConfigurationName = Release;
		};
/* End XCConfigurationList section */
	};
	rootObject = D14921A920D8749F00F89214 /* Project object */;
}
